
Microsoft Visual Studio Solution File, Format Version 12.00
# Visual Studio Version 17
VisualStudioVersion = 17.5.2.0
MinimumVisualStudioVersion = 10.0.40219.1
Project("{FAE04EC0-301F-11D3-BF4B-00C04F79EFBC}") = "dicky_todolist", "dicky_todolist\dicky_todolist.csproj", "{0449E26B-949A-5A66-313A-F218183B8896}"
EndProject
Project("{FAE04EC0-301F-11D3-BF4B-00C04F79EFBC}") = "ToDoList.Tests", "ToDoList.Tests\ToDoList.Tests.csproj", "{897EF184-E5E4-41BA-85A5-9F7B9538EE4F}"
EndProject
Global
	GlobalSection(SolutionConfigurationPlatforms) = preSolution
		Debug|Any CPU = Debug|Any CPU
		Debug|x64 = Debug|x64
		Debug|x86 = Debug|x86
		Release|Any CPU = Release|Any CPU
		Release|x64 = Release|x64
		Release|x86 = Release|x86
	EndGlobalSection
	GlobalSection(ProjectConfigurationPlatforms) = postSolution
		{0449E26B-949A-5A66-313A-F218183B8896}.Debug|Any CPU.ActiveCfg = Debug|Any CPU
		{0449E26B-949A-5A66-313A-F218183B8896}.Debug|Any CPU.Build.0 = Debug|Any CPU
		{0449E26B-949A-5A66-313A-F218183B8896}.Debug|x64.ActiveCfg = Debug|Any CPU
		{0449E26B-949A-5A66-313A-F218183B8896}.Debug|x64.Build.0 = Debug|Any CPU
		{0449E26B-949A-5A66-313A-F218183B8896}.Debug|x86.ActiveCfg = Debug|Any CPU
		{0449E26B-949A-5A66-313A-F218183B8896}.Debug|x86.Build.0 = Debug|Any CPU
		{0449E26B-949A-5A66-313A-F218183B8896}.Release|Any CPU.ActiveCfg = Release|Any CPU
		{0449E26B-949A-5A66-313A-F218183B8896}.Release|Any CPU.Build.0 = Release|Any CPU
		{0449E26B-949A-5A66-313A-F218183B8896}.Release|x64.ActiveCfg = Release|Any CPU
		{0449E26B-949A-5A66-313A-F218183B8896}.Release|x64.Build.0 = Release|Any CPU
		{0449E26B-949A-5A66-313A-F218183B8896}.Release|x86.ActiveCfg = Release|Any CPU
		{0449E26B-949A-5A66-313A-F218183B8896}.Release|x86.Build.0 = Release|Any CPU
		{897EF184-E5E4-41BA-85A5-9F7B9538EE4F}.Debug|Any CPU.ActiveCfg = Debug|Any CPU
		{897EF184-E5E4-41BA-85A5-9F7B9538EE4F}.Debug|Any CPU.Build.0 = Debug|Any CPU
		{897EF184-E5E4-41BA-85A5-9F7B9538EE4F}.Debug|x64.ActiveCfg = Debug|Any CPU
		{897EF184-E5E4-41BA-85A5-9F7B9538EE4F}.Debug|x64.Build.0 = Debug|Any CPU
		{897EF184-E5E4-41BA-85A5-9F7B9538EE4F}.Debug|x86.ActiveCfg = Debug|Any CPU
		{897EF184-E5E4-41BA-85A5-9F7B9538EE4F}.Debug|x86.Build.0 = Debug|Any CPU
		{897EF184-E5E4-41BA-85A5-9F7B9538EE4F}.Release|Any CPU.ActiveCfg = Release|Any CPU
		{897EF184-E5E4-41BA-85A5-9F7B9538EE4F}.Release|Any CPU.Build.0 = Release|Any CPU
		{897EF184-E5E4-41BA-85A5-9F7B9538EE4F}.Release|x64.ActiveCfg = Release|Any CPU
		{897EF184-E5E4-41BA-85A5-9F7B9538EE4F}.Release|x64.Build.0 = Release|Any CPU
		{897EF184-E5E4-41BA-85A5-9F7B9538EE4F}.Release|x86.ActiveCfg = Release|Any CPU
		{897EF184-E5E4-41BA-85A5-9F7B9538EE4F}.Release|x86.Build.0 = Release|Any CPU
	EndGlobalSection
	GlobalSection(SolutionProperties) = preSolution
		HideSolutionNode = FALSE
	EndGlobalSection
	GlobalSection(ExtensibilityGlobals) = postSolution
		SolutionGuid = {0DFDF430-AA4F-4B18-B400-46BB6EF6500E}
	EndGlobalSection
EndGlobal
